
Microsoft Visual Studio Solution File, Format Version 12.00
# Visual Studio Version 16
VisualStudioVersion = 16.0.31410.357
MinimumVisualStudioVersion = 10.0.40219.1
Project("{FAE04EC0-301F-11D3-BF4B-00C04F79EFBC}") = "Task4_1", "Task4_1\Task4_1.csproj", "{A6992D52-51A6-4522-895C-A9BDF66C8E4B}"
EndProject
Project("{FAE04EC0-301F-11D3-BF4B-00C04F79EFBC}") = "Task4_Library", "Task4_Library\Task4_Library.csproj", "{9613F0B9-74C0-4138-820B-046CF54120EE}"
EndProject
Project("{FAE04EC0-301F-11D3-BF4B-00C04F79EFBC}") = "Task4_2", "Task4_2\Task4_2.csproj", "{7E043741-FAFA-4480-BF06-F052883823A6}"
EndProject
Project("{FAE04EC0-301F-11D3-BF4B-00C04F79EFBC}") = "Task4_3", "Task4_3\Task4_3.csproj", "{ADC58BBC-2021-41D8-BF38-45DC73A842B1}"
EndProject
Project("{FAE04EC0-301F-11D3-BF4B-00C04F79EFBC}") = "Task4_4", "Task4_4\Task4_4.csproj", "{10DEF406-AC1C-4C34-9B55-EF78D63E28F4}"
EndProject
Project("{FAE04EC0-301F-11D3-BF4B-00C04F79EFBC}") = "Task4_5", "Task4_5\Task4_5.csproj", "{3EBA975F-57F9-4119-BC09-91FF036D499D}"
EndProject
Project("{FAE04EC0-301F-11D3-BF4B-00C04F79EFBC}") = "Task4_6", "Task4_6\Task4_6.csproj", "{473A35C2-D5BC-4417-9052-54C987A60A33}"
EndProject
Global
	GlobalSection(SolutionConfigurationPlatforms) = preSolution
		Debug|Any CPU = Debug|Any CPU
		Release|Any CPU = Release|Any CPU
	EndGlobalSection
	GlobalSection(ProjectConfigurationPlatforms) = postSolution
		{A6992D52-51A6-4522-895C-A9BDF66C8E4B}.Debug|Any CPU.ActiveCfg = Debug|Any CPU
		{A6992D52-51A6-4522-895C-A9BDF66C8E4B}.Debug|Any CPU.Build.0 = Debug|Any CPU
		{A6992D52-51A6-4522-895C-A9BDF66C8E4B}.Release|Any CPU.ActiveCfg = Release|Any CPU
		{A6992D52-51A6-4522-895C-A9BDF66C8E4B}.Release|Any CPU.Build.0 = Release|Any CPU
		{9613F0B9-74C0-4138-820B-046CF54120EE}.Debug|Any CPU.ActiveCfg = Debug|Any CPU
		{9613F0B9-74C0-4138-820B-046CF54120EE}.Debug|Any CPU.Build.0 = Debug|Any CPU
		{9613F0B9-74C0-4138-820B-046CF54120EE}.Release|Any CPU.ActiveCfg = Release|Any CPU
		{9613F0B9-74C0-4138-820B-046CF54120EE}.Release|Any CPU.Build.0 = Release|Any CPU
		{7E043741-FAFA-4480-BF06-F052883823A6}.Debug|Any CPU.ActiveCfg = Debug|Any CPU
		{7E043741-FAFA-4480-BF06-F052883823A6}.Debug|Any CPU.Build.0 = Debug|Any CPU
		{7E043741-FAFA-4480-BF06-F052883823A6}.Release|Any CPU.ActiveCfg = Release|Any CPU
		{7E043741-FAFA-4480-BF06-F052883823A6}.Release|Any CPU.Build.0 = Release|Any CPU
		{ADC58BBC-2021-41D8-BF38-45DC73A842B1}.Debug|Any CPU.ActiveCfg = Debug|Any CPU
		{ADC58BBC-2021-41D8-BF38-45DC73A842B1}.Debug|Any CPU.Build.0 = Debug|Any CPU
		{ADC58BBC-2021-41D8-BF38-45DC73A842B1}.Release|Any CPU.ActiveCfg = Release|Any CPU
		{ADC58BBC-2021-41D8-BF38-45DC73A842B1}.Release|Any CPU.Build.0 = Release|Any CPU
		{10DEF406-AC1C-4C34-9B55-EF78D63E28F4}.Debug|Any CPU.ActiveCfg = Debug|Any CPU
		{10DEF406-AC1C-4C34-9B55-EF78D63E28F4}.Debug|Any CPU.Build.0 = Debug|Any CPU
		{10DEF406-AC1C-4C34-9B55-EF78D63E28F4}.Release|Any CPU.ActiveCfg = Release|Any CPU
		{10DEF406-AC1C-4C34-9B55-EF78D63E28F4}.Release|Any CPU.Build.0 = Release|Any CPU
		{3EBA975F-57F9-4119-BC09-91FF036D499D}.Debug|Any CPU.ActiveCfg = Debug|Any CPU
		{3EBA975F-57F9-4119-BC09-91FF036D499D}.Debug|Any CPU.Build.0 = Debug|Any CPU
		{3EBA975F-57F9-4119-BC09-91FF036D499D}.Release|Any CPU.ActiveCfg = Release|Any CPU
		{3EBA975F-57F9-4119-BC09-91FF036D499D}.Release|Any CPU.Build.0 = Release|Any CPU
		{473A35C2-D5BC-4417-9052-54C987A60A33}.Debug|Any CPU.ActiveCfg = Debug|Any CPU
		{473A35C2-D5BC-4417-9052-54C987A60A33}.Debug|Any CPU.Build.0 = Debug|Any CPU
		{473A35C2-D5BC-4417-9052-54C987A60A33}.Release|Any CPU.ActiveCfg = Release|Any CPU
		{473A35C2-D5BC-4417-9052-54C987A60A33}.Release|Any CPU.Build.0 = Release|Any CPU
	EndGlobalSection
	GlobalSection(SolutionProperties) = preSolution
		HideSolutionNode = FALSE
	EndGlobalSection
	GlobalSection(ExtensibilityGlobals) = postSolution
		SolutionGuid = {7D43C94D-8898-40F5-84D5-2949D17BAA60}
	EndGlobalSection
EndGlobal
