
Microsoft Visual Studio Solution File, Format Version 12.00
# Visual Studio Version 16
VisualStudioVersion = 16.0.31410.357
MinimumVisualStudioVersion = 10.0.40219.1
Project("{9A19103F-16F7-4668-BE54-9A1E7A4F7556}") = "Task4_1", "Task4_1\Task4_1.csproj", "{A6992D52-51A6-4522-895C-A9BDF66C8E4B}"
EndProject
Project("{9A19103F-16F7-4668-BE54-9A1E7A4F7556}") = "Task4_Library", "Task4_Library\Task4_Library.csproj", "{9613F0B9-74C0-4138-820B-046CF54120EE}"
EndProject
Project("{9A19103F-16F7-4668-BE54-9A1E7A4F7556}") = "Task4_2", "Task4_2\Task4_2.csproj", "{7E043741-FAFA-4480-BF06-F052883823A6}"
EndProject
Project("{9A19103F-16F7-4668-BE54-9A1E7A4F7556}") = "Task4_3", "Task4_3\Task4_3.csproj", "{ADC58BBC-2021-41D8-BF38-45DC73A842B1}"
EndProject
Project("{9A19103F-16F7-4668-BE54-9A1E7A4F7556}") = "Task4_4", "Task4_4\Task4_4.csproj", "{10DEF406-AC1C-4C34-9B55-EF78D63E28F4}"
EndProject
Project("{9A19103F-16F7-4668-BE54-9A1E7A4F7556}") = "Task4_5", "Task4_5\Task4_5.csproj", "{3EBA975F-57F9-4119-BC09-91FF036D499D}"
EndProject
Project("{9A19103F-16F7-4668-BE54-9A1E7A4F7556}") = "Task4_6", "Task4_6\Task4_6.csproj", "{473A35C2-D5BC-4417-9052-54C987A60A33}"
EndProject
Project("{9A19103F-16F7-4668-BE54-9A1E7A4F7556}") = "Task4_7", "Task4_7\Task4_7.csproj", "{AB0B3760-269F-4BC6-A9A4-ADB5DA06C121}"
EndProject
Project("{9A19103F-16F7-4668-BE54-9A1E7A4F7556}") = "Task4_8", "Task4_8\Task4_8.csproj", "{9D907410-D101-4EE8-BC84-58CDF4B038A9}"
EndProject
Project("{9A19103F-16F7-4668-BE54-9A1E7A4F7556}") = "Task4_9", "Task4_9\Task4_9.csproj", "{9DFBB53E-CA01-4DEB-A447-8F4B88C789EF}"
EndProject
Project("{9A19103F-16F7-4668-BE54-9A1E7A4F7556}") = "Task4_10", "Task4_10\Task4_10.csproj", "{042B8414-A5F1-4286-BD02-535BBBB3AD1D}"
EndProject
Project("{FAE04EC0-301F-11D3-BF4B-00C04F79EFBC}") = "Tasks4_Tests", "Tasks4Tests\Tasks4_Tests.csproj", "{BB6B5AF2-6984-4B12-B6FA-A409A723B95E}"
EndProject
Global
	GlobalSection(SolutionConfigurationPlatforms) = preSolution
		Debug|Any CPU = Debug|Any CPU
		Release|Any CPU = Release|Any CPU
	EndGlobalSection
	GlobalSection(ProjectConfigurationPlatforms) = postSolution
		{A6992D52-51A6-4522-895C-A9BDF66C8E4B}.Debug|Any CPU.ActiveCfg = Debug|Any CPU
		{A6992D52-51A6-4522-895C-A9BDF66C8E4B}.Debug|Any CPU.Build.0 = Debug|Any CPU
		{A6992D52-51A6-4522-895C-A9BDF66C8E4B}.Release|Any CPU.ActiveCfg = Release|Any CPU
		{A6992D52-51A6-4522-895C-A9BDF66C8E4B}.Release|Any CPU.Build.0 = Release|Any CPU
		{9613F0B9-74C0-4138-820B-046CF54120EE}.Debug|Any CPU.ActiveCfg = Debug|Any CPU
		{9613F0B9-74C0-4138-820B-046CF54120EE}.Debug|Any CPU.Build.0 = Debug|Any CPU
		{9613F0B9-74C0-4138-820B-046CF54120EE}.Release|Any CPU.ActiveCfg = Release|Any CPU
		{9613F0B9-74C0-4138-820B-046CF54120EE}.Release|Any CPU.Build.0 = Release|Any CPU
		{7E043741-FAFA-4480-BF06-F052883823A6}.Debug|Any CPU.ActiveCfg = Debug|Any CPU
		{7E043741-FAFA-4480-BF06-F052883823A6}.Debug|Any CPU.Build.0 = Debug|Any CPU
		{7E043741-FAFA-4480-BF06-F052883823A6}.Release|Any CPU.ActiveCfg = Release|Any CPU
		{7E043741-FAFA-4480-BF06-F052883823A6}.Release|Any CPU.Build.0 = Release|Any CPU
		{ADC58BBC-2021-41D8-BF38-45DC73A842B1}.Debug|Any CPU.ActiveCfg = Debug|Any CPU
		{ADC58BBC-2021-41D8-BF38-45DC73A842B1}.Debug|Any CPU.Build.0 = Debug|Any CPU
		{ADC58BBC-2021-41D8-BF38-45DC73A842B1}.Release|Any CPU.ActiveCfg = Release|Any CPU
		{ADC58BBC-2021-41D8-BF38-45DC73A842B1}.Release|Any CPU.Build.0 = Release|Any CPU
		{10DEF406-AC1C-4C34-9B55-EF78D63E28F4}.Debug|Any CPU.ActiveCfg = Debug|Any CPU
		{10DEF406-AC1C-4C34-9B55-EF78D63E28F4}.Debug|Any CPU.Build.0 = Debug|Any CPU
		{10DEF406-AC1C-4C34-9B55-EF78D63E28F4}.Release|Any CPU.ActiveCfg = Release|Any CPU
		{10DEF406-AC1C-4C34-9B55-EF78D63E28F4}.Release|Any CPU.Build.0 = Release|Any CPU
		{3EBA975F-57F9-4119-BC09-91FF036D499D}.Debug|Any CPU.ActiveCfg = Debug|Any CPU
		{3EBA975F-57F9-4119-BC09-91FF036D499D}.Debug|Any CPU.Build.0 = Debug|Any CPU
		{3EBA975F-57F9-4119-BC09-91FF036D499D}.Release|Any CPU.ActiveCfg = Release|Any CPU
		{3EBA975F-57F9-4119-BC09-91FF036D499D}.Release|Any CPU.Build.0 = Release|Any CPU
		{473A35C2-D5BC-4417-9052-54C987A60A33}.Debug|Any CPU.ActiveCfg = Debug|Any CPU
		{473A35C2-D5BC-4417-9052-54C987A60A33}.Debug|Any CPU.Build.0 = Debug|Any CPU
		{473A35C2-D5BC-4417-9052-54C987A60A33}.Release|Any CPU.ActiveCfg = Release|Any CPU
		{473A35C2-D5BC-4417-9052-54C987A60A33}.Release|Any CPU.Build.0 = Release|Any CPU
		{AB0B3760-269F-4BC6-A9A4-ADB5DA06C121}.Debug|Any CPU.ActiveCfg = Debug|Any CPU
		{AB0B3760-269F-4BC6-A9A4-ADB5DA06C121}.Debug|Any CPU.Build.0 = Debug|Any CPU
		{AB0B3760-269F-4BC6-A9A4-ADB5DA06C121}.Release|Any CPU.ActiveCfg = Release|Any CPU
		{AB0B3760-269F-4BC6-A9A4-ADB5DA06C121}.Release|Any CPU.Build.0 = Release|Any CPU
		{9D907410-D101-4EE8-BC84-58CDF4B038A9}.Debug|Any CPU.ActiveCfg = Debug|Any CPU
		{9D907410-D101-4EE8-BC84-58CDF4B038A9}.Debug|Any CPU.Build.0 = Debug|Any CPU
		{9D907410-D101-4EE8-BC84-58CDF4B038A9}.Release|Any CPU.ActiveCfg = Release|Any CPU
		{9D907410-D101-4EE8-BC84-58CDF4B038A9}.Release|Any CPU.Build.0 = Release|Any CPU
		{9DFBB53E-CA01-4DEB-A447-8F4B88C789EF}.Debug|Any CPU.ActiveCfg = Debug|Any CPU
		{9DFBB53E-CA01-4DEB-A447-8F4B88C789EF}.Debug|Any CPU.Build.0 = Debug|Any CPU
		{9DFBB53E-CA01-4DEB-A447-8F4B88C789EF}.Release|Any CPU.ActiveCfg = Release|Any CPU
		{9DFBB53E-CA01-4DEB-A447-8F4B88C789EF}.Release|Any CPU.Build.0 = Release|Any CPU
		{042B8414-A5F1-4286-BD02-535BBBB3AD1D}.Debug|Any CPU.ActiveCfg = Debug|Any CPU
		{042B8414-A5F1-4286-BD02-535BBBB3AD1D}.Debug|Any CPU.Build.0 = Debug|Any CPU
		{042B8414-A5F1-4286-BD02-535BBBB3AD1D}.Release|Any CPU.ActiveCfg = Release|Any CPU
		{042B8414-A5F1-4286-BD02-535BBBB3AD1D}.Release|Any CPU.Build.0 = Release|Any CPU
		{BB6B5AF2-6984-4B12-B6FA-A409A723B95E}.Debug|Any CPU.ActiveCfg = Debug|Any CPU
		{BB6B5AF2-6984-4B12-B6FA-A409A723B95E}.Debug|Any CPU.Build.0 = Debug|Any CPU
		{BB6B5AF2-6984-4B12-B6FA-A409A723B95E}.Release|Any CPU.ActiveCfg = Release|Any CPU
		{BB6B5AF2-6984-4B12-B6FA-A409A723B95E}.Release|Any CPU.Build.0 = Release|Any CPU
	EndGlobalSection
	GlobalSection(SolutionProperties) = preSolution
		HideSolutionNode = FALSE
	EndGlobalSection
	GlobalSection(ExtensibilityGlobals) = postSolution
		SolutionGuid = {7D43C94D-8898-40F5-84D5-2949D17BAA60}
	EndGlobalSection
EndGlobal
